github.com/davecgh/go-spew v1.1.0/go.mod h1:J7Y8YcW2NihsgmVo/mv3lAwl/skON4iLHjSsI+c5H38=
github.com/elazarl/go-bindata-assetfs v1.0.1/go.mod h1:v+YaWX3bdea5J/mo8dSETolEo7R71Vk1u8bnjau5yw4=
github.com/go-bindata/go-bindata v1.0.0/go.mod h1:xK8Dsgwmeed+BBsSy2XTopBn/8uK2HWuGSnA11C3Joo=
github.com/gorilla/websocket v1.4.2/go.mod h1:YR8l580nyteQvAITg2hZ9XVh4b55+EU/adAjf1fMHhE=
github.com/graph-gophers/graphql-go v1.2.0/go.mod h1:9CQHMSxwO4MprSdzoIEobiHpoLtHm77vfxsvsIN5Vuc=
github.com/opentracing/opentracing-go v1.1.0/go.mod h1:UkNAQd3GIcIGf0SeVgPpRdFStlNbqXla1AfSYxPUl2o=
github.com/opentracing/opentracing-go v1.2.0/go.mod h1:GxEUsuufX4nBwe+T+Wl9TAgYrxe9dPLANfrWvHYVTgc=
github.com/pmezard/go-difflib v1.0.0/go.mod h1:iKH77koFhYxTK1pcRnkKkqfTogsbg7gZNVY4sRDYZ/4=
github.com/ryanuber/columnize v2.1.2+incompatible/go.mod h1:sm1tb6uqfes/u+d4ooFouqFdy9/2g9QGwK3SQygK0Ts=
github.com/stretchr/objx v0.1.0/go.mod h1:HFkY916IF+rwdDfMAkV7OtwuqBVzrE8GR6GFx+wExME=
github.com/stretchr/testify v1.3.0/go.mod h1:M5WIy9Dh21IEIfnGCwXGc5bZfKNJtfHm1UVUgZn+9EI=
github.com/stretchr/testify v1.7.0/go.mod h1:6Fq8oRcR53rry900zMqJjRRixrwX3KX962/h/Wwjteg=
github.com/teatak/cart v1.0.15/go.mod h1:DgFl81qPa06Zmq6shou5pwObHSVgHWPKu8WHIeLjMCY=
github.com/teatak/cart v1.0.16 h1:gV3g/3o4WSIskBwqIa1ndq+PXeUC0mR6CaOwNn3hHeQ=
github.com/teatak/cart v1.0.16/go.mod h1:DgFl81qPa06Zmq6shou5pwObHSVgHWPKu8WHIeLjMCY=
github.com/teatak/cart v1.0.17 h1:AX4IqDqZhUd1Sp6jVb4KkTVucKIkxffM+3LhMvGRwu4=
github.com/teatak/cart v1.0.17/go.mod h1:DgFl81qPa06Zmq6shou5pwObHSVgHWPKu8WHIeLjMCY=
github.com/teatak/config v1.0.1 h1:VMtZGcY9D3IAR5+9Cs0FaOHzd4CZPuMPoZ9UegQHn+0=
github.com/teatak/config v1.0.1/go.mod h1:qORMeVJPYFSPRMXZJRJ9sBpnujsHvLRwGl7i6N0/u+0=
github.com/teatak/riff v0.0.27 h1:88L14q5yrk0xC85hpUoihh0oTf409C/Ig1C3/yYb5ew=
github.com/teatak/riff v0.0.27/go.mod h1:ZdIM5pZ5T/a4r01t9SxfTIkSotBv+5CzfXqCWq02WwA=
github.com/teatak/riff v0.0.28 h1:mrswBAPdfG+eLH571A0r3tF9ulJ+UvO2wbB2LGC2sIg=
github.com/teatak/riff v0.0.28/go.mod h1:gr34pmjTbp3eXOx9yZ7saC6RQfpQ29lX968BndcaBxM=
gopkg.in/check.v1 v0.0.0-20161208181325-20d25e280405 h1:yhCVgyC4o1eVCa2tZl7eS0r+SDo693bJlVdllGtEeKM=
gopkg.in/check.v1 v0.0.0-20161208181325-20d25e280405/go.mod h1:Co6ibVJAznAaIkqp8huTwlJQCZ016jof/cbN4VW5Yz0=
gopkg.in/yaml.v2 v2.4.0 h1:D8xgwECY7CYvx+Y2n4sBz93Jn9JRvxdiyyo8CTfuKaY=
gopkg.in/yaml.v2 v2.4.0/go.mod h1:RDklbk79AGWmwhnvt/jBztapEOGDOx6ZbXqjP6csGnQ=
gopkg.in/yaml.v3 v3.0.0-20200313102051-9f266ea9e77c/go.mod h1:K4uyk7z7BCEPqu6E+C64Yfv1cQ7kz7rIZviUmN+EgEM=
